
Microsoft Visual Studio Solution File, Format Version 12.00
# Visual Studio Version 16
VisualStudioVersion = 16.0.31321.278
MinimumVisualStudioVersion = 10.0.40219.1
Project("{FAE04EC0-301F-11D3-BF4B-00C04F79EFBC}") = "Practice_10(ex_1)McDonalds", "Practice_10(ex_1)McDonalds.csproj", "{6BB56589-8A35-43E4-8AA9-D3835B172018}"
EndProject
Global
	GlobalSection(SolutionConfigurationPlatforms) = preSolution
		Debug|Any CPU = Debug|Any CPU
		Release|Any CPU = Release|Any CPU
	EndGlobalSection
	GlobalSection(ProjectConfigurationPlatforms) = postSolution
		{6BB56589-8A35-43E4-8AA9-D3835B172018}.Debug|Any CPU.ActiveCfg = Debug|Any CPU
		{6BB56589-8A35-43E4-8AA9-D3835B172018}.Debug|Any CPU.Build.0 = Debug|Any CPU
		{6BB56589-8A35-43E4-8AA9-D3835B172018}.Release|Any CPU.ActiveCfg = Release|Any CPU
		{6BB56589-8A35-43E4-8AA9-D3835B172018}.Release|Any CPU.Build.0 = Release|Any CPU
	EndGlobalSection
	GlobalSection(SolutionProperties) = preSolution
		HideSolutionNode = FALSE
	EndGlobalSection
	GlobalSection(ExtensibilityGlobals) = postSolution
		SolutionGuid = {DEF5162D-64FD-4553-8E8B-3CA9C1B42B2D}
	EndGlobalSection
EndGlobal
