
Microsoft Visual Studio Solution File, Format Version 12.00
# Visual Studio Version 16
VisualStudioVersion = 16.0.31321.278
MinimumVisualStudioVersion = 10.0.40219.1
Project("{FAE04EC0-301F-11D3-BF4B-00C04F79EFBC}") = "Ex_5_Practice_10", "Ex_5_Practice_10.csproj", "{002162A1-ABB2-46D9-AD98-63292E37B3E5}"
EndProject
Global
	GlobalSection(SolutionConfigurationPlatforms) = preSolution
		Debug|Any CPU = Debug|Any CPU
		Release|Any CPU = Release|Any CPU
	EndGlobalSection
	GlobalSection(ProjectConfigurationPlatforms) = postSolution
		{002162A1-ABB2-46D9-AD98-63292E37B3E5}.Debug|Any CPU.ActiveCfg = Debug|Any CPU
		{002162A1-ABB2-46D9-AD98-63292E37B3E5}.Debug|Any CPU.Build.0 = Debug|Any CPU
		{002162A1-ABB2-46D9-AD98-63292E37B3E5}.Release|Any CPU.ActiveCfg = Release|Any CPU
		{002162A1-ABB2-46D9-AD98-63292E37B3E5}.Release|Any CPU.Build.0 = Release|Any CPU
	EndGlobalSection
	GlobalSection(SolutionProperties) = preSolution
		HideSolutionNode = FALSE
	EndGlobalSection
	GlobalSection(ExtensibilityGlobals) = postSolution
		SolutionGuid = {BAC93F04-A751-4859-B230-63E34307F375}
	EndGlobalSection
EndGlobal
