
Microsoft Visual Studio Solution File, Format Version 12.00
# Visual Studio Version 16
VisualStudioVersion = 16.0.31321.278
MinimumVisualStudioVersion = 10.0.40219.1
Project("{FAE04EC0-301F-11D3-BF4B-00C04F79EFBC}") = "Ex_7_Practice10", "Ex_7_Practice10.csproj", "{0207CD0B-F669-4850-A04A-99A1836A473B}"
EndProject
Global
	GlobalSection(SolutionConfigurationPlatforms) = preSolution
		Debug|Any CPU = Debug|Any CPU
		Release|Any CPU = Release|Any CPU
	EndGlobalSection
	GlobalSection(ProjectConfigurationPlatforms) = postSolution
		{0207CD0B-F669-4850-A04A-99A1836A473B}.Debug|Any CPU.ActiveCfg = Debug|Any CPU
		{0207CD0B-F669-4850-A04A-99A1836A473B}.Debug|Any CPU.Build.0 = Debug|Any CPU
		{0207CD0B-F669-4850-A04A-99A1836A473B}.Release|Any CPU.ActiveCfg = Release|Any CPU
		{0207CD0B-F669-4850-A04A-99A1836A473B}.Release|Any CPU.Build.0 = Release|Any CPU
	EndGlobalSection
	GlobalSection(SolutionProperties) = preSolution
		HideSolutionNode = FALSE
	EndGlobalSection
	GlobalSection(ExtensibilityGlobals) = postSolution
		SolutionGuid = {DB3FEF2E-DFEF-4CA6-ACA9-8650F0E2522C}
	EndGlobalSection
EndGlobal
